
Microsoft Visual Studio Solution File, Format Version 12.00
# Visual Studio Version 16
VisualStudioVersion = 16.0.31019.35
MinimumVisualStudioVersion = 10.0.40219.1
Project("{9A19103F-16F7-4668-BE54-9A1E7A4F7556}") = "Entities", "Entitiy\Entities.csproj", "{A92A6E19-4195-4A47-8AE6-094D444BEED5}"
EndProject
Project("{9A19103F-16F7-4668-BE54-9A1E7A4F7556}") = "DataAccess", "DataAccess\DataAccess.csproj", "{D8BF030B-FDE6-402C-A6FD-88F6061A94AA}"
EndProject
Project("{9A19103F-16F7-4668-BE54-9A1E7A4F7556}") = "Business", "Business\Business.csproj", "{F6B9963C-FEF5-42C6-BBE0-4EE7F0893D03}"
EndProject
Project("{9A19103F-16F7-4668-BE54-9A1E7A4F7556}") = "ConsoleUI", "ConsoleUI\ConsoleUI.csproj", "{01148D5E-F60D-4E5B-95EB-5A0CC3216D8D}"
EndProject
Project("{FAE04EC0-301F-11D3-BF4B-00C04F79EFBC}") = "Core", "Core\Core.csproj", "{52BA751F-FE82-4E5A-8491-97E6D1FE0F7B}"
EndProject
Global
	GlobalSection(SolutionConfigurationPlatforms) = preSolution
		Debug|Any CPU = Debug|Any CPU
		Release|Any CPU = Release|Any CPU
	EndGlobalSection
	GlobalSection(ProjectConfigurationPlatforms) = postSolution
		{A92A6E19-4195-4A47-8AE6-094D444BEED5}.Debug|Any CPU.ActiveCfg = Debug|Any CPU
		{A92A6E19-4195-4A47-8AE6-094D444BEED5}.Debug|Any CPU.Build.0 = Debug|Any CPU
		{A92A6E19-4195-4A47-8AE6-094D444BEED5}.Release|Any CPU.ActiveCfg = Release|Any CPU
		{A92A6E19-4195-4A47-8AE6-094D444BEED5}.Release|Any CPU.Build.0 = Release|Any CPU
		{D8BF030B-FDE6-402C-A6FD-88F6061A94AA}.Debug|Any CPU.ActiveCfg = Debug|Any CPU
		{D8BF030B-FDE6-402C-A6FD-88F6061A94AA}.Debug|Any CPU.Build.0 = Debug|Any CPU
		{D8BF030B-FDE6-402C-A6FD-88F6061A94AA}.Release|Any CPU.ActiveCfg = Release|Any CPU
		{D8BF030B-FDE6-402C-A6FD-88F6061A94AA}.Release|Any CPU.Build.0 = Release|Any CPU
		{F6B9963C-FEF5-42C6-BBE0-4EE7F0893D03}.Debug|Any CPU.ActiveCfg = Debug|Any CPU
		{F6B9963C-FEF5-42C6-BBE0-4EE7F0893D03}.Debug|Any CPU.Build.0 = Debug|Any CPU
		{F6B9963C-FEF5-42C6-BBE0-4EE7F0893D03}.Release|Any CPU.ActiveCfg = Release|Any CPU
		{F6B9963C-FEF5-42C6-BBE0-4EE7F0893D03}.Release|Any CPU.Build.0 = Release|Any CPU
		{01148D5E-F60D-4E5B-95EB-5A0CC3216D8D}.Debug|Any CPU.ActiveCfg = Debug|Any CPU
		{01148D5E-F60D-4E5B-95EB-5A0CC3216D8D}.Debug|Any CPU.Build.0 = Debug|Any CPU
		{01148D5E-F60D-4E5B-95EB-5A0CC3216D8D}.Release|Any CPU.ActiveCfg = Release|Any CPU
		{01148D5E-F60D-4E5B-95EB-5A0CC3216D8D}.Release|Any CPU.Build.0 = Release|Any CPU
		{52BA751F-FE82-4E5A-8491-97E6D1FE0F7B}.Debug|Any CPU.ActiveCfg = Debug|Any CPU
		{52BA751F-FE82-4E5A-8491-97E6D1FE0F7B}.Debug|Any CPU.Build.0 = Debug|Any CPU
		{52BA751F-FE82-4E5A-8491-97E6D1FE0F7B}.Release|Any CPU.ActiveCfg = Release|Any CPU
		{52BA751F-FE82-4E5A-8491-97E6D1FE0F7B}.Release|Any CPU.Build.0 = Release|Any CPU
	EndGlobalSection
	GlobalSection(SolutionProperties) = preSolution
		HideSolutionNode = FALSE
	EndGlobalSection
	GlobalSection(ExtensibilityGlobals) = postSolution
		SolutionGuid = {C05D2EFA-7D45-45D1-9406-075C361224C9}
	EndGlobalSection
EndGlobal
